PODS:
  - IQKeyboardManager (6.5.19)
  - Realm (10.53.1):
    - Realm/Headers (= 10.53.1)
  - Realm/Headers (10.53.1)
  - RealmSwift (10.53.1):
    - Realm (= 10.53.1)

DEPENDENCIES:
  - IQKeyboardManager
  - RealmSwift (= 10.53.1)

SPEC REPOS:
  trunk:
    - IQKeyboardManager
    - Realm
    - RealmSwift

SPEC CHECKSUMS:
  IQKeyboardManager: c8665b3396bd0b79402b4c573eac345a31c7d485
  Realm: 82e4ea18703bf240dd443b5ceef68d6f9454ec49
  RealmSwift: 79a910911b6a5663b7570517c8237e3dbd2b0783

PODFILE CHECKSUM: 6c14cf87aefae75159374aff97725af7ea548042

COCOAPODS: 1.14.3
