// !$*UTF8*$!
{
	archiveVersion = 1;
	classes = {
	};
	objectVersion = 56;
	objects = {

/* Begin PBXBuildFile section */
		165A953AD3DEFEFA610116B1 /* Pods_ExploreRealm.framework in Frameworks */ = {isa = PBXBuildFile; fileRef = 5FB867203BB2B94FEBEDE063 /* Pods_ExploreRealm.framework */; };
		FF58A6712B74EC8F0098C8B5 /* AppDelegate.swift in Sources */ = {isa = PBXBuildFile; fileRef = FF58A6702B74EC8F0098C8B5 /* AppDelegate.swift */; };
		FF58A6732B74EC8F0098C8B5 /* SceneDelegate.swift in Sources */ = {isa = PBXBuildFile; fileRef = FF58A6722B74EC8F0098C8B5 /* SceneDelegate.swift */; };
		FF58A6752B74EC8F0098C8B5 /* ViewController.swift in Sources */ = {isa = PBXBuildFile; fileRef = FF58A6742B74EC8F0098C8B5 /* ViewController.swift */; };
		FF58A6782B74EC8F0098C8B5 /* Main.storyboard in Resources */ = {isa = PBXBuildFile; fileRef = FF58A6762B74EC8F0098C8B5 /* Main.storyboard */; };
		FF58A67A2B74EC920098C8B5 /* Assets.xcassets in Resources */ = {isa = PBXBuildFile; fileRef = FF58A6792B74EC920098C8B5 /* Assets.xcassets */; };
		FF58A67D2B74EC920098C8B5 /* LaunchScreen.storyboard in Resources */ = {isa = PBXBuildFile; fileRef = FF58A67B2B74EC920098C8B5 /* LaunchScreen.storyboard */; };
		FFE8A93C2B789EDF00F0DB2A /* ViewController+TableView.swift in Sources */ = {isa = PBXBuildFile; fileRef = FFE8A93B2B789EDF00F0DB2A /* ViewController+TableView.swift */; };
		FFE8A9412B789F7100F0DB2A /* UserTableViewCell.swift in Sources */ = {isa = PBXBuildFile; fileRef = FFE8A93F2B789F7100F0DB2A /* UserTableViewCell.swift */; };
		FFE8A9422B789F7100F0DB2A /* UserTableViewCell.xib in Resources */ = {isa = PBXBuildFile; fileRef = FFE8A9402B789F7100F0DB2A /* UserTableViewCell.xib */; };
/* End PBXBuildFile section */

/* Begin PBXFileReference section */
		5FB867203BB2B94FEBEDE063 /* Pods_ExploreRealm.framework */ = {isa = PBXFileReference; explicitFileType = wrapper.framework; includeInIndex = 0; path = Pods_ExploreRealm.framework; sourceTree = BUILT_PRODUCTS_DIR; };
		C9078F504A39535230F01A56 /* Pods-ExploreRealm.release.xcconfig */ = {isa = PBXFileReference; includeInIndex = 1; lastKnownFileType = text.xcconfig; name = "Pods-ExploreRealm.release.xcconfig"; path = "Target Support Files/Pods-ExploreRealm/Pods-ExploreRealm.release.xcconfig"; sourceTree = "<group>"; };
		DBB64B8EB8BC0AC976F2C66D /* Pods-ExploreRealm.debug.xcconfig */ = {isa = PBXFileReference; includeInIndex = 1; lastKnownFileType = text.xcconfig; name = "Pods-ExploreRealm.debug.xcconfig"; path = "Target Support Files/Pods-ExploreRealm/Pods-ExploreRealm.debug.xcconfig"; sourceTree = "<group>"; };
		FF58A66D2B74EC8F0098C8B5 /* ExploreRealm.app */ = {isa = PBXFileReference; explicitFileType = wrapper.application; includeInIndex = 0; path = ExploreRealm.app; sourceTree = BUILT_PRODUCTS_DIR; };
		FF58A6702B74EC8F0098C8B5 /* AppDelegate.swift */ = {isa = PBXFileReference; lastKnownFileType = sourcecode.swift; path = AppDelegate.swift; sourceTree = "<group>"; };
		FF58A6722B74EC8F0098C8B5 /* SceneDelegate.swift */ = {isa = PBXFileReference; lastKnownFileType = sourcecode.swift; path = SceneDelegate.swift; sourceTree = "<group>"; };
		FF58A6742B74EC8F0098C8B5 /* ViewController.swift */ = {isa = PBXFileReference; lastKnownFileType = sourcecode.swift; path = ViewController.swift; sourceTree = "<group>"; };
		FF58A6772B74EC8F0098C8B5 /* Base */ = {isa = PBXFileReference; lastKnownFileType = file.storyboard; name = Base; path = Base.lproj/Main.storyboard; sourceTree = "<group>"; };
		FF58A6792B74EC920098C8B5 /* Assets.xcassets */ = {isa = PBXFileReference; lastKnownFileType = folder.assetcatalog; path = Assets.xcassets; sourceTree = "<group>"; };
		FF58A67C2B74EC920098C8B5 /* Base */ = {isa = PBXFileReference; lastKnownFileType = file.storyboard; name = Base; path = Base.lproj/LaunchScreen.storyboard; sourceTree = "<group>"; };
		FF58A67E2B74EC920098C8B5 /* Info.plist */ = {isa = PBXFileReference; lastKnownFileType = text.plist.xml; path = Info.plist; sourceTree = "<group>"; };
		FFE8A93B2B789EDF00F0DB2A /* ViewController+TableView.swift */ = {isa = PBXFileReference; lastKnownFileType = sourcecode.swift; path = "ViewController+TableView.swift"; sourceTree = "<group>"; };
		FFE8A93F2B789F7100F0DB2A /* UserTableViewCell.swift */ = {isa = PBXFileReference; lastKnownFileType = sourcecode.swift; path = UserTableViewCell.swift; sourceTree = "<group>"; };
		FFE8A9402B789F7100F0DB2A /* UserTableViewCell.xib */ = {isa = PBXFileReference; lastKnownFileType = file.xib; path = UserTableViewCell.xib; sourceTree = "<group>"; };
/* End PBXFileReference section */

/* Begin PBXFrameworksBuildPhase section */
		FF58A66A2B74EC8F0098C8B5 /* Frameworks */ = {
			isa = PBXFrameworksBuildPhase;
			buildActionMask = 2147483647;
			files = (
				165A953AD3DEFEFA610116B1 /* Pods_ExploreRealm.framework in Frameworks */,
			);
			runOnlyForDeploymentPostprocessing = 0;
		};
/* End PBXFrameworksBuildPhase section */

/* Begin PBXGroup section */
		32AA3F473128FD19DA0F3466 /* Frameworks */ = {
			isa = PBXGroup;
			children = (
				5FB867203BB2B94FEBEDE063 /* Pods_ExploreRealm.framework */,
			);
			name = Frameworks;
			sourceTree = "<group>";
		};
		B4522B840CE420FB295A82BE /* Pods */ = {
			isa = PBXGroup;
			children = (
				DBB64B8EB8BC0AC976F2C66D /* Pods-ExploreRealm.debug.xcconfig */,
				C9078F504A39535230F01A56 /* Pods-ExploreRealm.release.xcconfig */,
			);
			path = Pods;
			sourceTree = "<group>";
		};
		FF58A6642B74EC8F0098C8B5 = {
			isa = PBXGroup;
			children = (
				FF58A66F2B74EC8F0098C8B5 /* ExploreRealm */,
				FF58A66E2B74EC8F0098C8B5 /* Products */,
				B4522B840CE420FB295A82BE /* Pods */,
				32AA3F473128FD19DA0F3466 /* Frameworks */,
			);
			sourceTree = "<group>";
		};
		FF58A66E2B74EC8F0098C8B5 /* Products */ = {
			isa = PBXGroup;
			children = (
				FF58A66D2B74EC8F0098C8B5 /* ExploreRealm.app */,
			);
			name = Products;
			sourceTree = "<group>";
		};
		FF58A66F2B74EC8F0098C8B5 /* ExploreRealm */ = {
			isa = PBXGroup;
			children = (
				FF58A6702B74EC8F0098C8B5 /* AppDelegate.swift */,
				FF58A6722B74EC8F0098C8B5 /* SceneDelegate.swift */,
				FF58A6742B74EC8F0098C8B5 /* ViewController.swift */,
				FF58A6762B74EC8F0098C8B5 /* Main.storyboard */,
				FF58A6792B74EC920098C8B5 /* Assets.xcassets */,
				FF58A67B2B74EC920098C8B5 /* LaunchScreen.storyboard */,
				FF58A67E2B74EC920098C8B5 /* Info.plist */,
				FFE8A93B2B789EDF00F0DB2A /* ViewController+TableView.swift */,
				FFE8A93F2B789F7100F0DB2A /* UserTableViewCell.swift */,
				FFE8A9402B789F7100F0DB2A /* UserTableViewCell.xib */,
			);
			path = ExploreRealm;
			sourceTree = "<group>";
		};
/* End PBXGroup section */

/* Begin PBXNativeTarget section */
		FF58A66C2B74EC8F0098C8B5 /* ExploreRealm */ = {
			isa = PBXNativeTarget;
			buildConfigurationList = FF58A6812B74EC920098C8B5 /* Build configuration list for PBXNativeTarget "ExploreRealm" */;
			buildPhases = (
				006ABB795C72FC95F5AEE079 /* [CP] Check Pods Manifest.lock */,
				FF58A6692B74EC8F0098C8B5 /* Sources */,
				FF58A66A2B74EC8F0098C8B5 /* Frameworks */,
				FF58A66B2B74EC8F0098C8B5 /* Resources */,
				19783D9C5B184756E286F865 /* [CP] Embed Pods Frameworks */,
			);
			buildRules = (
			);
			dependencies = (
			);
			name = ExploreRealm;
			productName = ExploreRealm;
			productReference = FF58A66D2B74EC8F0098C8B5 /* ExploreRealm.app */;
			productType = "com.apple.product-type.application";
		};
/* End PBXNativeTarget section */

/* Begin PBXProject section */
		FF58A6652B74EC8F0098C8B5 /* Project object */ = {
			isa = PBXProject;
			attributes = {
				BuildIndependentTargetsInParallel = 1;
				LastSwiftUpdateCheck = 1520;
				LastUpgradeCheck = 1520;
				TargetAttributes = {
					FF58A66C2B74EC8F0098C8B5 = {
						CreatedOnToolsVersion = 15.2;
					};
				};
			};
			buildConfigurationList = FF58A6682B74EC8F0098C8B5 /* Build configuration list for PBXProject "ExploreRealm" */;
			compatibilityVersion = "Xcode 14.0";
			developmentRegion = en;
			hasScannedForEncodings = 0;
			knownRegions = (
				en,
				Base,
			);
			mainGroup = FF58A6642B74EC8F0098C8B5;
			productRefGroup = FF58A66E2B74EC8F0098C8B5 /* Products */;
			projectDirPath = "";
			projectRoot = "";
			targets = (
				FF58A66C2B74EC8F0098C8B5 /* ExploreRealm */,
			);
		};
/* End PBXProject section */

/* Begin PBXResourcesBuildPhase section */
		FF58A66B2B74EC8F0098C8B5 /* Resources */ = {
			isa = PBXResourcesBuildPhase;
			buildActionMask = 2147483647;
			files = (
				FFE8A9422B789F7100F0DB2A /* UserTableViewCell.xib in Resources */,
				FF58A67D2B74EC920098C8B5 /* LaunchScreen.storyboard in Resources */,
				FF58A67A2B74EC920098C8B5 /* Assets.xcassets in Resources */,
				FF58A6782B74EC8F0098C8B5 /* Main.storyboard in Resources */,
			);
			runOnlyForDeploymentPostprocessing = 0;
		};
/* End PBXResourcesBuildPhase section */

/* Begin PBXShellScriptBuildPhase section */
		006ABB795C72FC95F5AEE079 /* [CP] Check Pods Manifest.lock */ = {
			isa = PBXShellScriptBuildPhase;
			buildActionMask = 2147483647;
			files = (
			);
			inputFileListPaths = (
			);
			inputPaths = (
				"${PODS_PODFILE_DIR_PATH}/Podfile.lock",
				"${PODS_ROOT}/Manifest.lock",
			);
			name = "[CP] Check Pods Manifest.lock";
			outputFileListPaths = (
			);
			outputPaths = (
				"$(DERIVED_FILE_DIR)/Pods-ExploreRealm-checkManifestLockResult.txt",
			);
			runOnlyForDeploymentPostprocessing = 0;
			shellPath = /bin/sh;
			shellScript = "diff \"${PODS_PODFILE_DIR_PATH}/Podfile.lock\" \"${PODS_ROOT}/Manifest.lock\" > /dev/null\nif [ $? != 0 ] ; then\n    # print error to STDERR\n    echo \"error: The sandbox is not in sync with the Podfile.lock. Run 'pod install' or update your CocoaPods installation.\" >&2\n    exit 1\nfi\n# This output is used by Xcode 'outputs' to avoid re-running this script phase.\necho \"SUCCESS\" > \"${SCRIPT_OUTPUT_FILE_0}\"\n";
			showEnvVarsInLog = 0;
		};
		19783D9C5B184756E286F865 /* [CP] Embed Pods Frameworks */ = {
			isa = PBXShellScriptBuildPhase;
			buildActionMask = 2147483647;
			files = (
			);
			inputFileListPaths = (
				"${PODS_ROOT}/Target Support Files/Pods-ExploreRealm/Pods-ExploreRealm-frameworks-${CONFIGURATION}-input-files.xcfilelist",
			);
			name = "[CP] Embed Pods Frameworks";
			outputFileListPaths = (
				"${PODS_ROOT}/Target Support Files/Pods-ExploreRealm/Pods-ExploreRealm-frameworks-${CONFIGURATION}-output-files.xcfilelist",
			);
			runOnlyForDeploymentPostprocessing = 0;
			shellPath = /bin/sh;
			shellScript = "\"${PODS_ROOT}/Target Support Files/Pods-ExploreRealm/Pods-ExploreRealm-frameworks.sh\"\n";
			showEnvVarsInLog = 0;
		};
/* End PBXShellScriptBuildPhase section */

/* Begin PBXSourcesBuildPhase section */
		FF58A6692B74EC8F0098C8B5 /* Sources */ = {
			isa = PBXSourcesBuildPhase;
			buildActionMask = 2147483647;
			files = (
				FF58A6752B74EC8F0098C8B5 /* ViewController.swift in Sources */,
				FF58A6712B74EC8F0098C8B5 /* AppDelegate.swift in Sources */,
				FFE8A93C2B789EDF00F0DB2A /* ViewController+TableView.swift in Sources */,
				FF58A6732B74EC8F0098C8B5 /* SceneDelegate.swift in Sources */,
				FFE8A9412B789F7100F0DB2A /* UserTableViewCell.swift in Sources */,
			);
			runOnlyForDeploymentPostprocessing = 0;
		};
/* End PBXSourcesBuildPhase section */

/* Begin PBXVariantGroup section */
		FF58A6762B74EC8F0098C8B5 /* Main.storyboard */ = {
			isa = PBXVariantGroup;
			children = (
				FF58A6772B74EC8F0098C8B5 /* Base */,
			);
			name = Main.storyboard;
			sourceTree = "<group>";
		};
		FF58A67B2B74EC920098C8B5 /* LaunchScreen.storyboard */ = {
			isa = PBXVariantGroup;
			children = (
				FF58A67C2B74EC920098C8B5 /* Base */,
			);
			name = LaunchScreen.storyboard;
			sourceTree = "<group>";
		};
/* End PBXVariantGroup section */

/* Begin XCBuildConfiguration section */
		FF58A67F2B74EC920098C8B5 /* Debug */ = {
			isa = XCBuildConfiguration;
			buildSettings = {
				ALWAYS_SEARCH_USER_PATHS = NO;
				ASSETCATALOG_COMPILER_GENERATE_SWIFT_ASSET_SYMBOL_EXTENSIONS = YES;
				CLANG_ANALYZER_NONNULL = YES;
				CLANG_ANALYZER_NUMBER_OBJECT_CONVERSION = YES_AGGRESSIVE;
				CLANG_CXX_LANGUAGE_STANDARD = "gnu++20";
				CLANG_ENABLE_MODULES = YES;
				CLANG_ENABLE_OBJC_ARC = YES;
				CLANG_ENABLE_OBJC_WEAK = YES;
				CLANG_WARN_BLOCK_CAPTURE_AUTORELEASING = YES;
				CLANG_WARN_BOOL_CONVERSION = YES;
				CLANG_WARN_COMMA = YES;
				CLANG_WARN_CONSTANT_CONVERSION = YES;
				CLANG_WARN_DEPRECATED_OBJC_IMPLEMENTATIONS = YES;
				CLANG_WARN_DIRECT_OBJC_ISA_USAGE = YES_ERROR;
				CLANG_WARN_DOCUMENTATION_COMMENTS = YES;
				CLANG_WARN_EMPTY_BODY = YES;
				CLANG_WARN_ENUM_CONVERSION = YES;
				CLANG_WARN_INFINITE_RECURSION = YES;
				CLANG_WARN_INT_CONVERSION = YES;
				CLANG_WARN_NON_LITERAL_NULL_CONVERSION = YES;
				CLANG_WARN_OBJC_IMPLICIT_RETAIN_SELF = YES;
				CLANG_WARN_OBJC_LITERAL_CONVERSION = YES;
				CLANG_WARN_OBJC_ROOT_CLASS = YES_ERROR;
				CLANG_WARN_QUOTED_INCLUDE_IN_FRAMEWORK_HEADER = YES;
				CLANG_WARN_RANGE_LOOP_ANALYSIS = YES;
				CLANG_WARN_STRICT_PROTOTYPES = YES;
				CLANG_WARN_SUSPICIOUS_MOVE = YES;
				CLANG_WARN_UNGUARDED_AVAILABILITY = YES_AGGRESSIVE;
				CLANG_WARN_UNREACHABLE_CODE = YES;
				CLANG_WARN__DUPLICATE_METHOD_MATCH = YES;
				COPY_PHASE_STRIP = NO;
				DEBUG_INFORMATION_FORMAT = dwarf;
				ENABLE_STRICT_OBJC_MSGSEND = YES;
				ENABLE_TESTABILITY = YES;
				ENABLE_USER_SCRIPT_SANDBOXING = NO;
				GCC_C_LANGUAGE_STANDARD = gnu17;
				GCC_DYNAMIC_NO_PIC = NO;
				GCC_NO_COMMON_BLOCKS = YES;
				GCC_OPTIMIZATION_LEVEL = 0;
				GCC_PREPROCESSOR_DEFINITIONS = (
					"DEBUG=1",
					"$(inherited)",
				);
				GCC_WARN_64_TO_32_BIT_CONVERSION = YES;
				GCC_WARN_ABOUT_RETURN_TYPE = YES_ERROR;
				GCC_WARN_UNDECLARED_SELECTOR = YES;
				GCC_WARN_UNINITIALIZED_AUTOS = YES_AGGRESSIVE;
				GCC_WARN_UNUSED_FUNCTION = YES;
				GCC_WARN_UNUSED_VARIABLE = YES;
				IPHONEOS_DEPLOYMENT_TARGET = 17.2;
				LOCALIZATION_PREFERS_STRING_CATALOGS = YES;
				MTL_ENABLE_DEBUG_INFO = INCLUDE_SOURCE;
				MTL_FAST_MATH = YES;
				ONLY_ACTIVE_ARCH = YES;
				SDKROOT = iphoneos;
				SWIFT_ACTIVE_COMPILATION_CONDITIONS = "DEBUG $(inherited)";
				SWIFT_OPTIMIZATION_LEVEL = "-Onone";
			};
			name = Debug;
		};
		FF58A6802B74EC920098C8B5 /* Release */ = {
			isa = XCBuildConfiguration;
			buildSettings = {
				ALWAYS_SEARCH_USER_PATHS = NO;
				ASSETCATALOG_COMPILER_GENERATE_SWIFT_ASSET_SYMBOL_EXTENSIONS = YES;
				CLANG_ANALYZER_NONNULL = YES;
				CLANG_ANALYZER_NUMBER_OBJECT_CONVERSION = YES_AGGRESSIVE;
				CLANG_CXX_LANGUAGE_STANDARD = "gnu++20";
				CLANG_ENABLE_MODULES = YES;
				CLANG_ENABLE_OBJC_ARC = YES;
				CLANG_ENABLE_OBJC_WEAK = YES;
				CLANG_WARN_BLOCK_CAPTURE_AUTORELEASING = YES;
				CLANG_WARN_BOOL_CONVERSION = YES;
				CLANG_WARN_COMMA = YES;
				CLANG_WARN_CONSTANT_CONVERSION = YES;
				CLANG_WARN_DEPRECATED_OBJC_IMPLEMENTATIONS = YES;
				CLANG_WARN_DIRECT_OBJC_ISA_USAGE = YES_ERROR;
				CLANG_WARN_DOCUMENTATION_COMMENTS = YES;
				CLANG_WARN_EMPTY_BODY = YES;
				CLANG_WARN_ENUM_CONVERSION = YES;
				CLANG_WARN_INFINITE_RECURSION = YES;
				CLANG_WARN_INT_CONVERSION = YES;
				CLANG_WARN_NON_LITERAL_NULL_CONVERSION = YES;
				CLANG_WARN_OBJC_IMPLICIT_RETAIN_SELF = YES;
				CLANG_WARN_OBJC_LITERAL_CONVERSION = YES;
				CLANG_WARN_OBJC_ROOT_CLASS = YES_ERROR;
				CLANG_WARN_QUOTED_INCLUDE_IN_FRAMEWORK_HEADER = YES;
				CLANG_WARN_RANGE_LOOP_ANALYSIS = YES;
				CLANG_WARN_STRICT_PROTOTYPES = YES;
				CLANG_WARN_SUSPICIOUS_MOVE = YES;
				CLANG_WARN_UNGUARDED_AVAILABILITY = YES_AGGRESSIVE;
				CLANG_WARN_UNREACHABLE_CODE = YES;
				CLANG_WARN__DUPLICATE_METHOD_MATCH = YES;
				COPY_PHASE_STRIP = NO;
				DEBUG_INFORMATION_FORMAT = "dwarf-with-dsym";
				ENABLE_NS_ASSERTIONS = NO;
				ENABLE_STRICT_OBJC_MSGSEND = YES;
				ENABLE_USER_SCRIPT_SANDBOXING = NO;
				GCC_C_LANGUAGE_STANDARD = gnu17;
				GCC_NO_COMMON_BLOCKS = YES;
				GCC_WARN_64_TO_32_BIT_CONVERSION = YES;
				GCC_WARN_ABOUT_RETURN_TYPE = YES_ERROR;
				GCC_WARN_UNDECLARED_SELECTOR = YES;
				GCC_WARN_UNINITIALIZED_AUTOS = YES_AGGRESSIVE;
				GCC_WARN_UNUSED_FUNCTION = YES;
				GCC_WARN_UNUSED_VARIABLE = YES;
				IPHONEOS_DEPLOYMENT_TARGET = 17.2;
				LOCALIZATION_PREFERS_STRING_CATALOGS = YES;
				MTL_ENABLE_DEBUG_INFO = NO;
				MTL_FAST_MATH = YES;
				SDKROOT = iphoneos;
				SWIFT_COMPILATION_MODE = wholemodule;
				VALIDATE_PRODUCT = YES;
			};
			name = Release;
		};
		FF58A6822B74EC920098C8B5 /* Debug */ = {
			isa = XCBuildConfiguration;
			baseConfigurationReference = DBB64B8EB8BC0AC976F2C66D /* Pods-ExploreRealm.debug.xcconfig */;
			buildSettings = {
				ASSETCATALOG_COMPILER_APPICON_NAME = AppIcon;
				ASSETCATALOG_COMPILER_GLOBAL_ACCENT_COLOR_NAME = AccentColor;
				CODE_SIGN_STYLE = Automatic;
				CURRENT_PROJECT_VERSION = 1;
				DEVELOPMENT_TEAM = 446HQB2H3T;
				GENERATE_INFOPLIST_FILE = YES;
				INFOPLIST_FILE = ExploreRealm/Info.plist;
				INFOPLIST_KEY_UIApplicationSupportsIndirectInputEvents = YES;
				INFOPLIST_KEY_UILaunchStoryboardName = LaunchScreen;
				INFOPLIST_KEY_UIMainStoryboardFile = Main;
				INFOPLIST_KEY_UISupportedInterfaceOrientations_iPad = "UIInterfaceOrientationPortrait UIInterfaceOrientationPortraitUpsideDown UIInterfaceOrientationLandscapeLeft UIInterfaceOrientationLandscapeRight";
				INFOPLIST_KEY_UISupportedInterfaceOrientations_iPhone = "UIInterfaceOrientationPortrait UIInterfaceOrientationLandscapeLeft UIInterfaceOrientationLandscapeRight";
				LD_RUNPATH_SEARCH_PATHS = (
					"$(inherited)",
					"@executable_path/Frameworks",
				);
				MARKETING_VERSION = 1.0;
				PRODUCT_BUNDLE_IDENTIFIER = com.sajidhasan.ExploreRealm;
				PRODUCT_NAME = "$(TARGET_NAME)";
				SWIFT_EMIT_LOC_STRINGS = YES;
				SWIFT_VERSION = 5.0;
				TARGETED_DEVICE_FAMILY = "1,2";
			};
			name = Debug;
		};
		FF58A6832B74EC920098C8B5 /* Release */ = {
			isa = XCBuildConfiguration;
			baseConfigurationReference = C9078F504A39535230F01A56 /* Pods-ExploreRealm.release.xcconfig */;
			buildSettings = {
				ASSETCATALOG_COMPILER_APPICON_NAME = AppIcon;
				ASSETCATALOG_COMPILER_GLOBAL_ACCENT_COLOR_NAME = AccentColor;
				CODE_SIGN_STYLE = Automatic;
				CURRENT_PROJECT_VERSION = 1;
				DEVELOPMENT_TEAM = 446HQB2H3T;
				GENERATE_INFOPLIST_FILE = YES;
				INFOPLIST_FILE = ExploreRealm/Info.plist;
				INFOPLIST_KEY_UIApplicationSupportsIndirectInputEvents = YES;
				INFOPLIST_KEY_UILaunchStoryboardName = LaunchScreen;
				INFOPLIST_KEY_UIMainStoryboardFile = Main;
				INFOPLIST_KEY_UISupportedInterfaceOrientations_iPad = "UIInterfaceOrientationPortrait UIInterfaceOrientationPortraitUpsideDown UIInterfaceOrientationLandscapeLeft UIInterfaceOrientationLandscapeRight";
				INFOPLIST_KEY_UISupportedInterfaceOrientations_iPhone = "UIInterfaceOrientationPortrait UIInterfaceOrientationLandscapeLeft UIInterfaceOrientationLandscapeRight";
				LD_RUNPATH_SEARCH_PATHS = (
					"$(inherited)",
					"@executable_path/Frameworks",
				);
				MARKETING_VERSION = 1.0;
				PRODUCT_BUNDLE_IDENTIFIER = com.sajidhasan.ExploreRealm;
				PRODUCT_NAME = "$(TARGET_NAME)";
				SWIFT_EMIT_LOC_STRINGS = YES;
				SWIFT_VERSION = 5.0;
				TARGETED_DEVICE_FAMILY = "1,2";
			};
			name = Release;
		};
/* End XCBuildConfiguration section */

/* Begin XCConfigurationList section */
		FF58A6682B74EC8F0098C8B5 /* Build configuration list for PBXProject "ExploreRealm" */ = {
			isa = XCConfigurationList;
			buildConfigurations = (
				FF58A67F2B74EC920098C8B5 /* Debug */,
				FF58A6802B74EC920098C8B5 /* Release */,
			);
			defaultConfigurationIsVisible = 0;
			defaultConfigurationName = Release;
		};
		FF58A6812B74EC920098C8B5 /* Build configuration list for PBXNativeTarget "ExploreRealm" */ = {
			isa = XCConfigurationList;
			buildConfigurations = (
				FF58A6822B74EC920098C8B5 /* Debug */,
				FF58A6832B74EC920098C8B5 /* Release */,
			);
			defaultConfigurationIsVisible = 0;
			defaultConfigurationName = Release;
		};
/* End XCConfigurationList section */
	};
	rootObject = FF58A6652B74EC8F0098C8B5 /* Project object */;
}
